# @generated by Move, please check-in and do not edit manually.

[move]
version = 3
manifest_digest = "54DA62BDD18A2E287DC3169D910ED709DC956C1B142668DBF9B01C6CE57B2C91"
deps_digest = "F8BBB0CCB2491CA29A3DF03D6F92277A4F3574266507ACD77214D37ECA3F3082"
dependencies = [
  { id = "One", name = "One" },
]

[[move.package]]
id = "MoveStdlib"
source = { git = "https://github.com/one-chain-labs/onechain.git", rev = "main", subdir = "crates/sui-framework/packages/move-stdlib" }

[[move.package]]
id = "One"
source = { git = "https://github.com/one-chain-labs/onechain.git", rev = "main", subdir = "crates/sui-framework/packages/one-framework" }

dependencies = [
  { id = "MoveStdlib", name = "MoveStdlib" },
]

[move.toolchain-version]
compiler-version = "1.0.1"
edition = "2024.beta"
flavor = "one"

[env]

[env.testnet]
chain-id = "1bd5c965"
original-published-id = "0x16d2cab2772b1fc4372cefe3a50c76bc3c18feb9b7b685f56cd7b46c9e923d0a"
latest-published-id = "0x16d2cab2772b1fc4372cefe3a50c76bc3c18feb9b7b685f56cd7b46c9e923d0a"
published-version = "1"
