# @generated by Move, please check-in and do not edit manually.

[move]
version = 3
manifest_digest = "18D82DA914F8878B0E9CD87674D06ACAB917165169394686E0099CF6224164D9"
deps_digest = "F8BBB0CCB2491CA29A3DF03D6F92277A4F3574266507ACD77214D37ECA3F3082"
dependencies = [
  { id = "One", name = "One" },
]

[[move.package]]
id = "MoveStdlib"
source = { git = "https://github.com/one-chain-labs/onechain.git", rev = "main", subdir = "crates/sui-framework/packages/move-stdlib" }

[[move.package]]
id = "One"
source = { git = "https://github.com/one-chain-labs/onechain.git", rev = "main", subdir = "crates/sui-framework/packages/one-framework" }

dependencies = [
  { id = "MoveStdlib", name = "MoveStdlib" },
]

[move.toolchain-version]
compiler-version = "1.0.1"
edition = "2024.beta"
flavor = "one"

[env]

[env.testnet]
chain-id = "1bd5c965"
original-published-id = "0xb3b75e02a830284ee0e905bf8e3c15d88ae5697336bfa1f65b267edf1bf5032d"
latest-published-id = "0xb3b75e02a830284ee0e905bf8e3c15d88ae5697336bfa1f65b267edf1bf5032d"
published-version = "1"
